
Microsoft Visual Studio Solution File, Format Version 12.00
# Visual Studio for Mac
Project("{FAE04EC0-301F-11D3-BF4B-00C04F79EFBC}") = "Assembly-CSharp", "Assembly-CSharp.csproj", "{CE9CBA68-A3F4-601E-3D61-6005CA1441DC}"
EndProject
Project("{FAE04EC0-301F-11D3-BF4B-00C04F79EFBC}") = "Assembly-CSharp-Editor", "Assembly-CSharp-Editor.csproj", "{2BD8BFDA-3702-C1CB-12F7-95FD833B156C}"
EndProject
Global
	GlobalSection(SolutionConfigurationPlatforms) = preSolution
		Debug|Any CPU = Debug|Any CPU
		Release|Any CPU = Release|Any CPU
	EndGlobalSection
	GlobalSection(ProjectConfigurationPlatforms) = postSolution
		{CE9CBA68-A3F4-601E-3D61-6005CA1441DC}.Debug|Any CPU.ActiveCfg = Debug|Any CPU
		{CE9CBA68-A3F4-601E-3D61-6005CA1441DC}.Debug|Any CPU.Build.0 = Debug|Any CPU
		{CE9CBA68-A3F4-601E-3D61-6005CA1441DC}.Release|Any CPU.ActiveCfg = Release|Any CPU
		{CE9CBA68-A3F4-601E-3D61-6005CA1441DC}.Release|Any CPU.Build.0 = Release|Any CPU
		{2BD8BFDA-3702-C1CB-12F7-95FD833B156C}.Debug|Any CPU.ActiveCfg = Debug|Any CPU
		{2BD8BFDA-3702-C1CB-12F7-95FD833B156C}.Debug|Any CPU.Build.0 = Debug|Any CPU
		{2BD8BFDA-3702-C1CB-12F7-95FD833B156C}.Release|Any CPU.ActiveCfg = Release|Any CPU
		{2BD8BFDA-3702-C1CB-12F7-95FD833B156C}.Release|Any CPU.Build.0 = Release|Any CPU
	EndGlobalSection
	GlobalSection(SolutionProperties) = preSolution
		HideSolutionNode = FALSE
	EndGlobalSection
EndGlobal
